
Microsoft Visual Studio Solution File, Format Version 12.00
# Visual Studio Version 17
VisualStudioVersion = 17.11.35312.102
MinimumVisualStudioVersion = 10.0.40219.1
Project("{9A19103F-16F7-4668-BE54-9A1E7A4F7556}") = "azure-app-mc", "azure-app-mc.csproj", "{74AA28F7-49CE-45EC-8522-C8FE1FD23124}"
EndProject
Global
	GlobalSection(SolutionConfigurationPlatforms) = preSolution
		Debug|Any CPU = Debug|Any CPU
		Release|Any CPU = Release|Any CPU
	EndGlobalSection
	GlobalSection(ProjectConfigurationPlatforms) = postSolution
		{74AA28F7-49CE-45EC-8522-C8FE1FD23124}.Debug|Any CPU.ActiveCfg = Debug|Any CPU
		{74AA28F7-49CE-45EC-8522-C8FE1FD23124}.Debug|Any CPU.Build.0 = Debug|Any CPU
		{74AA28F7-49CE-45EC-8522-C8FE1FD23124}.Release|Any CPU.ActiveCfg = Release|Any CPU
		{74AA28F7-49CE-45EC-8522-C8FE1FD23124}.Release|Any CPU.Build.0 = Release|Any CPU
	EndGlobalSection
	GlobalSection(SolutionProperties) = preSolution
		HideSolutionNode = FALSE
	EndGlobalSection
	GlobalSection(ExtensibilityGlobals) = postSolution
		SolutionGuid = {BF311742-321C-4983-916A-A56D704B5CBA}
	EndGlobalSection
EndGlobal
